<?xml version="1.0" encoding="utf-8"?>
<Project ToolsVersion="4.0" xmlns="http://schemas.microsoft.com/developer/msbuild/2003">
  <ItemGroup>
    <Filter Include="Source Files">
      <UniqueIdentifier>{f7bd0858-e570-45e6-9353-16241f10a31a}</UniqueIdentifier>
      <Extensions>cpp;c;cxx;def;odl;idl;hpj;bat;asm</Extensions>
    </Filter>
    <Filter Include="Header Files">
      <UniqueIdentifier>{054ee6df-6f0e-4dd0-a86f-12f0ce9bb346}</UniqueIdentifier>
      <Extensions>h;hpp;hxx;hm;inl;inc</Extensions>
    </Filter>
  </ItemGroup>
  <ItemGroup>
    <None Include="filter_arm.S">
      <Filter>Source Files</Filter>
    </None>
    <None Include="COPYING" />
    <None Include="README" />
  </ItemGroup>
  <ItemGroup>
    <ClCompile Include="libtta.cpp">
      <Filter>Source Files</Filter>
    </ClCompile>
  </ItemGroup>
  <ItemGroup>
    <ClInclude Include="config.h">
      <Filter>Header Files</Filter>
    </ClInclude>
    <ClInclude Include="filter.h">
      <Filter>Header Files</Filter>
    </ClInclude>
    <ClInclude Include="libtta.h">
      <Filter>Header Files</Filter>
    </ClInclude>
  </ItemGroup>
</Project>